// !$*UTF8*$!
{
	archiveVersion = 1;
	classes = {
	};
	objectVersion = 55;
	objects = {

/* Begin PBXBuildFile section */
		5A0637380057EB90D348D10E /* Pods_Navigation3_0.framework in Frameworks */ = {isa = PBXBuildFile; fileRef = B3F1DD595259B01605568EAC /* Pods_Navigation3_0.framework */; };
		8701329328BC01B2004A5816 /* FeedViewController.swift in Sources */ = {isa = PBXBuildFile; fileRef = 8701329228BC01B2004A5816 /* FeedViewController.swift */; };
		8701329528BC0235004A5816 /* ProfileViewController.swift in Sources */ = {isa = PBXBuildFile; fileRef = 8701329428BC0235004A5816 /* ProfileViewController.swift */; };
		8701329B28BD219C004A5816 /* InfoViewController.swift in Sources */ = {isa = PBXBuildFile; fileRef = 8701329A28BD219C004A5816 /* InfoViewController.swift */; };
		8703CEFE28BEA44400F7AD34 /* LogInViewController.swift in Sources */ = {isa = PBXBuildFile; fileRef = 8703CEFD28BEA44400F7AD34 /* LogInViewController.swift */; };
		8703CF0228C2327900F7AD34 /* DataBase.swift in Sources */ = {isa = PBXBuildFile; fileRef = 8703CF0128C2327900F7AD34 /* DataBase.swift */; };
		8703CF0728C7CADA00F7AD34 /* PostTableViewCell.swift in Sources */ = {isa = PBXBuildFile; fileRef = 8703CF0628C7CADA00F7AD34 /* PostTableViewCell.swift */; };
		8703CF0928CE74FF00F7AD34 /* PhotosTableViewCell.swift in Sources */ = {isa = PBXBuildFile; fileRef = 8703CF0828CE74FF00F7AD34 /* PhotosTableViewCell.swift */; };
		8703CF0B28CE760700F7AD34 /* CollectionView.swift in Sources */ = {isa = PBXBuildFile; fileRef = 8703CF0A28CE760700F7AD34 /* CollectionView.swift */; };
		8703CF0D28CE773F00F7AD34 /* PhotosViewController.swift in Sources */ = {isa = PBXBuildFile; fileRef = 8703CF0C28CE773F00F7AD34 /* PhotosViewController.swift */; };
		8789CE3828B8EB0B00CDB3E0 /* AppDelegate.swift in Sources */ = {isa = PBXBuildFile; fileRef = 8789CE3728B8EB0B00CDB3E0 /* AppDelegate.swift */; };
		8789CE3A28B8EB0B00CDB3E0 /* SceneDelegate.swift in Sources */ = {isa = PBXBuildFile; fileRef = 8789CE3928B8EB0B00CDB3E0 /* SceneDelegate.swift */; };
		8789CE4128B8EB0C00CDB3E0 /* Assets.xcassets in Resources */ = {isa = PBXBuildFile; fileRef = 8789CE4028B8EB0C00CDB3E0 /* Assets.xcassets */; };
		8789CE4428B8EB0C00CDB3E0 /* LaunchScreen.storyboard in Resources */ = {isa = PBXBuildFile; fileRef = 8789CE4228B8EB0C00CDB3E0 /* LaunchScreen.storyboard */; };
		8789CE4C28B95BE800CDB3E0 /* ProfileHeaderView.swift in Sources */ = {isa = PBXBuildFile; fileRef = 8789CE4B28B95BE800CDB3E0 /* ProfileHeaderView.swift */; };
		8790BCF328F8B7C200DEF62F /* StorageService.h in Headers */ = {isa = PBXBuildFile; fileRef = 8790BCF228F8B7C200DEF62F /* StorageService.h */; settings = {ATTRIBUTES = (Public, ); }; };
		8790BCF628F8B7C200DEF62F /* StorageService.framework in Frameworks */ = {isa = PBXBuildFile; fileRef = 8790BCF028F8B7C100DEF62F /* StorageService.framework */; };
		8790BCF728F8B7C200DEF62F /* StorageService.framework in Embed Frameworks */ = {isa = PBXBuildFile; fileRef = 8790BCF028F8B7C100DEF62F /* StorageService.framework */; settings = {ATTRIBUTES = (CodeSignOnCopy, RemoveHeadersOnCopy, ); }; };
		8790BCFC28F8B99200DEF62F /* PostViewController.swift in Sources */ = {isa = PBXBuildFile; fileRef = 8701329628BC02CD004A5816 /* PostViewController.swift */; };
		8790BCFD28F8C8A000DEF62F /* StructModel.swift in Sources */ = {isa = PBXBuildFile; fileRef = 8703CEFF28C231A400F7AD34 /* StructModel.swift */; };
		87EFE3FE290410C70037D4A5 /* iOSIntPackage in Frameworks */ = {isa = PBXBuildFile; productRef = 87EFE3FD290410C70037D4A5 /* iOSIntPackage */; };
		87EFE3FF290482570037D4A5 /* StructModel.swift in Sources */ = {isa = PBXBuildFile; fileRef = 8703CEFF28C231A400F7AD34 /* StructModel.swift */; };
/* End PBXBuildFile section */

/* Begin PBXContainerItemProxy section */
		8790BCF428F8B7C200DEF62F /* PBXContainerItemProxy */ = {
			isa = PBXContainerItemProxy;
			containerPortal = 8789CE2C28B8EB0B00CDB3E0 /* Project object */;
			proxyType = 1;
			remoteGlobalIDString = 8790BCEF28F8B7C100DEF62F;
			remoteInfo = StorageService;
		};
/* End PBXContainerItemProxy section */

/* Begin PBXCopyFilesBuildPhase section */
		8790BCE428F8B68500DEF62F /* Embed Frameworks */ = {
			isa = PBXCopyFilesBuildPhase;
			buildActionMask = 2147483647;
			dstPath = "";
			dstSubfolderSpec = 10;
			files = (
				8790BCF728F8B7C200DEF62F /* StorageService.framework in Embed Frameworks */,
			);
			name = "Embed Frameworks";
			runOnlyForDeploymentPostprocessing = 0;
		};
/* End PBXCopyFilesBuildPhase section */

/* Begin PBXFileReference section */
		8701329228BC01B2004A5816 /* FeedViewController.swift */ = {isa = PBXFileReference; lastKnownFileType = sourcecode.swift; path = FeedViewController.swift; sourceTree = "<group>"; };
		8701329428BC0235004A5816 /* ProfileViewController.swift */ = {isa = PBXFileReference; lastKnownFileType = sourcecode.swift; path = ProfileViewController.swift; sourceTree = "<group>"; };
		8701329628BC02CD004A5816 /* PostViewController.swift */ = {isa = PBXFileReference; lastKnownFileType = sourcecode.swift; path = PostViewController.swift; sourceTree = "<group>"; };
		8701329A28BD219C004A5816 /* InfoViewController.swift */ = {isa = PBXFileReference; lastKnownFileType = sourcecode.swift; path = InfoViewController.swift; sourceTree = "<group>"; };
		8703CEFD28BEA44400F7AD34 /* LogInViewController.swift */ = {isa = PBXFileReference; lastKnownFileType = sourcecode.swift; path = LogInViewController.swift; sourceTree = "<group>"; };
		8703CEFF28C231A400F7AD34 /* StructModel.swift */ = {isa = PBXFileReference; lastKnownFileType = sourcecode.swift; path = StructModel.swift; sourceTree = "<group>"; };
		8703CF0128C2327900F7AD34 /* DataBase.swift */ = {isa = PBXFileReference; lastKnownFileType = sourcecode.swift; path = DataBase.swift; sourceTree = "<group>"; };
		8703CF0628C7CADA00F7AD34 /* PostTableViewCell.swift */ = {isa = PBXFileReference; lastKnownFileType = sourcecode.swift; path = PostTableViewCell.swift; sourceTree = "<group>"; };
		8703CF0828CE74FF00F7AD34 /* PhotosTableViewCell.swift */ = {isa = PBXFileReference; lastKnownFileType = sourcecode.swift; path = PhotosTableViewCell.swift; sourceTree = "<group>"; };
		8703CF0A28CE760700F7AD34 /* CollectionView.swift */ = {isa = PBXFileReference; lastKnownFileType = sourcecode.swift; path = CollectionView.swift; sourceTree = "<group>"; };
		8703CF0C28CE773F00F7AD34 /* PhotosViewController.swift */ = {isa = PBXFileReference; lastKnownFileType = sourcecode.swift; path = PhotosViewController.swift; sourceTree = "<group>"; };
		8789CE3428B8EB0B00CDB3E0 /* Navigation3.0.app */ = {isa = PBXFileReference; explicitFileType = wrapper.application; includeInIndex = 0; path = Navigation3.0.app; sourceTree = BUILT_PRODUCTS_DIR; };
		8789CE3728B8EB0B00CDB3E0 /* AppDelegate.swift */ = {isa = PBXFileReference; lastKnownFileType = sourcecode.swift; path = AppDelegate.swift; sourceTree = "<group>"; };
		8789CE3928B8EB0B00CDB3E0 /* SceneDelegate.swift */ = {isa = PBXFileReference; lastKnownFileType = sourcecode.swift; path = SceneDelegate.swift; sourceTree = "<group>"; };
		8789CE4028B8EB0C00CDB3E0 /* Assets.xcassets */ = {isa = PBXFileReference; lastKnownFileType = folder.assetcatalog; path = Assets.xcassets; sourceTree = "<group>"; };
		8789CE4328B8EB0C00CDB3E0 /* Base */ = {isa = PBXFileReference; lastKnownFileType = file.storyboard; name = Base; path = Base.lproj/LaunchScreen.storyboard; sourceTree = "<group>"; };
		8789CE4528B8EB0C00CDB3E0 /* Info.plist */ = {isa = PBXFileReference; lastKnownFileType = text.plist.xml; path = Info.plist; sourceTree = "<group>"; };
		8789CE4B28B95BE800CDB3E0 /* ProfileHeaderView.swift */ = {isa = PBXFileReference; lastKnownFileType = sourcecode.swift; path = ProfileHeaderView.swift; sourceTree = "<group>"; };
		8790BCF028F8B7C100DEF62F /* StorageService.framework */ = {isa = PBXFileReference; explicitFileType = wrapper.framework; includeInIndex = 0; path = StorageService.framework; sourceTree = BUILT_PRODUCTS_DIR; };
		8790BCF228F8B7C200DEF62F /* StorageService.h */ = {isa = PBXFileReference; lastKnownFileType = sourcecode.c.h; path = StorageService.h; sourceTree = "<group>"; };
		B3F1DD595259B01605568EAC /* Pods_Navigation3_0.framework */ = {isa = PBXFileReference; explicitFileType = wrapper.framework; includeInIndex = 0; path = Pods_Navigation3_0.framework; sourceTree = BUILT_PRODUCTS_DIR; };
		B88A6E235B19F87836FB02C1 /* Pods-Navigation3.0.debug.xcconfig */ = {isa = PBXFileReference; includeInIndex = 1; lastKnownFileType = text.xcconfig; name = "Pods-Navigation3.0.debug.xcconfig"; path = "Target Support Files/Pods-Navigation3.0/Pods-Navigation3.0.debug.xcconfig"; sourceTree = "<group>"; };
		BEBDCF55EA77CAA281BDC697 /* Pods-Navigation3.0.release.xcconfig */ = {isa = PBXFileReference; includeInIndex = 1; lastKnownFileType = text.xcconfig; name = "Pods-Navigation3.0.release.xcconfig"; path = "Target Support Files/Pods-Navigation3.0/Pods-Navigation3.0.release.xcconfig"; sourceTree = "<group>"; };
/* End PBXFileReference section */

/* Begin PBXFrameworksBuildPhase section */
		8789CE3128B8EB0B00CDB3E0 /* Frameworks */ = {
			isa = PBXFrameworksBuildPhase;
			buildActionMask = 2147483647;
			files = (
				87EFE3FE290410C70037D4A5 /* iOSIntPackage in Frameworks */,
				8790BCF628F8B7C200DEF62F /* StorageService.framework in Frameworks */,
				5A0637380057EB90D348D10E /* Pods_Navigation3_0.framework in Frameworks */,
			);
			runOnlyForDeploymentPostprocessing = 0;
		};
		8790BCED28F8B7C100DEF62F /* Frameworks */ = {
			isa = PBXFrameworksBuildPhase;
			buildActionMask = 2147483647;
			files = (
			);
			runOnlyForDeploymentPostprocessing = 0;
		};
/* End PBXFrameworksBuildPhase section */

/* Begin PBXGroup section */
		3EAC97060DDEBF59B909F407 /* Pods */ = {
			isa = PBXGroup;
			children = (
				B88A6E235B19F87836FB02C1 /* Pods-Navigation3.0.debug.xcconfig */,
				BEBDCF55EA77CAA281BDC697 /* Pods-Navigation3.0.release.xcconfig */,
			);
			path = Pods;
			sourceTree = "<group>";
		};
		7F8F6EE93CB71A8345C9F4F0 /* Frameworks */ = {
			isa = PBXGroup;
			children = (
				B3F1DD595259B01605568EAC /* Pods_Navigation3_0.framework */,
			);
			name = Frameworks;
			sourceTree = "<group>";
		};
		8703CF0328C7CA0E00F7AD34 /* FeedNavi */ = {
			isa = PBXGroup;
			children = (
				8701329A28BD219C004A5816 /* InfoViewController.swift */,
				8701329228BC01B2004A5816 /* FeedViewController.swift */,
			);
			path = FeedNavi;
			sourceTree = "<group>";
		};
		8703CF0428C7CA3C00F7AD34 /* ProfileNavi */ = {
			isa = PBXGroup;
			children = (
				8701329628BC02CD004A5816 /* PostViewController.swift */,
				8703CEFD28BEA44400F7AD34 /* LogInViewController.swift */,
				8703CF0C28CE773F00F7AD34 /* PhotosViewController.swift */,
				8701329428BC0235004A5816 /* ProfileViewController.swift */,
			);
			path = ProfileNavi;
			sourceTree = "<group>";
		};
		8703CF0528C7CA6100F7AD34 /* Cell */ = {
			isa = PBXGroup;
			children = (
				8789CE4B28B95BE800CDB3E0 /* ProfileHeaderView.swift */,
				8703CF0628C7CADA00F7AD34 /* PostTableViewCell.swift */,
				8703CF0828CE74FF00F7AD34 /* PhotosTableViewCell.swift */,
				8703CF0A28CE760700F7AD34 /* CollectionView.swift */,
			);
			path = Cell;
			sourceTree = "<group>";
		};
		8789CE2B28B8EB0B00CDB3E0 = {
			isa = PBXGroup;
			children = (
				8789CE3628B8EB0B00CDB3E0 /* Navigation3.0 */,
				8790BCF128F8B7C200DEF62F /* StorageService */,
				8789CE3528B8EB0B00CDB3E0 /* Products */,
				3EAC97060DDEBF59B909F407 /* Pods */,
				7F8F6EE93CB71A8345C9F4F0 /* Frameworks */,
			);
			sourceTree = "<group>";
		};
		8789CE3528B8EB0B00CDB3E0 /* Products */ = {
			isa = PBXGroup;
			children = (
				8789CE3428B8EB0B00CDB3E0 /* Navigation3.0.app */,
				8790BCF028F8B7C100DEF62F /* StorageService.framework */,
			);
			name = Products;
			sourceTree = "<group>";
		};
		8789CE3628B8EB0B00CDB3E0 /* Navigation3.0 */ = {
			isa = PBXGroup;
			children = (
				8703CF0528C7CA6100F7AD34 /* Cell */,
				8703CF0428C7CA3C00F7AD34 /* ProfileNavi */,
				8703CF0328C7CA0E00F7AD34 /* FeedNavi */,
				8789CE3728B8EB0B00CDB3E0 /* AppDelegate.swift */,
				8789CE3928B8EB0B00CDB3E0 /* SceneDelegate.swift */,
				8789CE4028B8EB0C00CDB3E0 /* Assets.xcassets */,
				8789CE4228B8EB0C00CDB3E0 /* LaunchScreen.storyboard */,
				8789CE4528B8EB0C00CDB3E0 /* Info.plist */,
				8703CF0128C2327900F7AD34 /* DataBase.swift */,
			);
			path = Navigation3.0;
			sourceTree = "<group>";
		};
		8790BCF128F8B7C200DEF62F /* StorageService */ = {
			isa = PBXGroup;
			children = (
				8703CEFF28C231A400F7AD34 /* StructModel.swift */,
				8790BCF228F8B7C200DEF62F /* StorageService.h */,
			);
			path = StorageService;
			sourceTree = "<group>";
		};
/* End PBXGroup section */

/* Begin PBXHeadersBuildPhase section */
		8790BCEB28F8B7C100DEF62F /* Headers */ = {
			isa = PBXHeadersBuildPhase;
			buildActionMask = 2147483647;
			files = (
				8790BCF328F8B7C200DEF62F /* StorageService.h in Headers */,
			);
			runOnlyForDeploymentPostprocessing = 0;
		};
/* End PBXHeadersBuildPhase section */

/* Begin PBXNativeTarget section */
		8789CE3328B8EB0B00CDB3E0 /* Navigation3.0 */ = {
			isa = PBXNativeTarget;
			buildConfigurationList = 8789CE4828B8EB0C00CDB3E0 /* Build configuration list for PBXNativeTarget "Navigation3.0" */;
			buildPhases = (
				A4E1491F263ED8322DE33E8C /* [CP] Check Pods Manifest.lock */,
				8789CE3028B8EB0B00CDB3E0 /* Sources */,
				8789CE3128B8EB0B00CDB3E0 /* Frameworks */,
				8789CE3228B8EB0B00CDB3E0 /* Resources */,
				8790BCE428F8B68500DEF62F /* Embed Frameworks */,
				C6A8270DEE3C30AAECFB7FCF /* [CP] Embed Pods Frameworks */,
			);
			buildRules = (
			);
			dependencies = (
				8790BCF528F8B7C200DEF62F /* PBXTargetDependency */,
			);
			name = Navigation3.0;
			packageProductDependencies = (
				87EFE3FD290410C70037D4A5 /* iOSIntPackage */,
			);
			productName = Navigation3.0;
			productReference = 8789CE3428B8EB0B00CDB3E0 /* Navigation3.0.app */;
			productType = "com.apple.product-type.application";
		};
		8790BCEF28F8B7C100DEF62F /* StorageService */ = {
			isa = PBXNativeTarget;
			buildConfigurationList = 8790BCF828F8B7C200DEF62F /* Build configuration list for PBXNativeTarget "StorageService" */;
			buildPhases = (
				8790BCEB28F8B7C100DEF62F /* Headers */,
				8790BCEC28F8B7C100DEF62F /* Sources */,
				8790BCED28F8B7C100DEF62F /* Frameworks */,
				8790BCEE28F8B7C100DEF62F /* Resources */,
			);
			buildRules = (
			);
			dependencies = (
			);
			name = StorageService;
			productName = StorageService;
			productReference = 8790BCF028F8B7C100DEF62F /* StorageService.framework */;
			productType = "com.apple.product-type.framework";
		};
/* End PBXNativeTarget section */

/* Begin PBXProject section */
		8789CE2C28B8EB0B00CDB3E0 /* Project object */ = {
			isa = PBXProject;
			attributes = {
				BuildIndependentTargetsInParallel = 1;
				LastSwiftUpdateCheck = 1400;
				LastUpgradeCheck = 1340;
				TargetAttributes = {
					8789CE3328B8EB0B00CDB3E0 = {
						CreatedOnToolsVersion = 13.4.1;
					};
					8790BCEF28F8B7C100DEF62F = {
						CreatedOnToolsVersion = 14.0;
					};
				};
			};
			buildConfigurationList = 8789CE2F28B8EB0B00CDB3E0 /* Build configuration list for PBXProject "Navigation3.0" */;
			compatibilityVersion = "Xcode 13.0";
			developmentRegion = en;
			hasScannedForEncodings = 0;
			knownRegions = (
				en,
				Base,
			);
			mainGroup = 8789CE2B28B8EB0B00CDB3E0;
			packageReferences = (
				87EFE3FC290410C70037D4A5 /* XCRemoteSwiftPackageReference "iOSIntPackage" */,
			);
			productRefGroup = 8789CE3528B8EB0B00CDB3E0 /* Products */;
			projectDirPath = "";
			projectRoot = "";
			targets = (
				8789CE3328B8EB0B00CDB3E0 /* Navigation3.0 */,
				8790BCEF28F8B7C100DEF62F /* StorageService */,
			);
		};
/* End PBXProject section */

/* Begin PBXResourcesBuildPhase section */
		8789CE3228B8EB0B00CDB3E0 /* Resources */ = {
			isa = PBXResourcesBuildPhase;
			buildActionMask = 2147483647;
			files = (
				8789CE4428B8EB0C00CDB3E0 /* LaunchScreen.storyboard in Resources */,
				8789CE4128B8EB0C00CDB3E0 /* Assets.xcassets in Resources */,
			);
			runOnlyForDeploymentPostprocessing = 0;
		};
		8790BCEE28F8B7C100DEF62F /* Resources */ = {
			isa = PBXResourcesBuildPhase;
			buildActionMask = 2147483647;
			files = (
			);
			runOnlyForDeploymentPostprocessing = 0;
		};
/* End PBXResourcesBuildPhase section */

/* Begin PBXShellScriptBuildPhase section */
		A4E1491F263ED8322DE33E8C /* [CP] Check Pods Manifest.lock */ = {
			isa = PBXShellScriptBuildPhase;
			buildActionMask = 2147483647;
			files = (
			);
			inputFileListPaths = (
			);
			inputPaths = (
				"${PODS_PODFILE_DIR_PATH}/Podfile.lock",
				"${PODS_ROOT}/Manifest.lock",
			);
			name = "[CP] Check Pods Manifest.lock";
			outputFileListPaths = (
			);
			outputPaths = (
				"$(DERIVED_FILE_DIR)/Pods-Navigation3.0-checkManifestLockResult.txt",
			);
			runOnlyForDeploymentPostprocessing = 0;
			shellPath = /bin/sh;
			shellScript = "diff \"${PODS_PODFILE_DIR_PATH}/Podfile.lock\" \"${PODS_ROOT}/Manifest.lock\" > /dev/null\nif [ $? != 0 ] ; then\n    # print error to STDERR\n    echo \"error: The sandbox is not in sync with the Podfile.lock. Run 'pod install' or update your CocoaPods installation.\" >&2\n    exit 1\nfi\n# This output is used by Xcode 'outputs' to avoid re-running this script phase.\necho \"SUCCESS\" > \"${SCRIPT_OUTPUT_FILE_0}\"\n";
			showEnvVarsInLog = 0;
		};
		C6A8270DEE3C30AAECFB7FCF /* [CP] Embed Pods Frameworks */ = {
			isa = PBXShellScriptBuildPhase;
			buildActionMask = 2147483647;
			files = (
			);
			inputFileListPaths = (
				"${PODS_ROOT}/Target Support Files/Pods-Navigation3.0/Pods-Navigation3.0-frameworks-${CONFIGURATION}-input-files.xcfilelist",
			);
			name = "[CP] Embed Pods Frameworks";
			outputFileListPaths = (
				"${PODS_ROOT}/Target Support Files/Pods-Navigation3.0/Pods-Navigation3.0-frameworks-${CONFIGURATION}-output-files.xcfilelist",
			);
			runOnlyForDeploymentPostprocessing = 0;
			shellPath = /bin/sh;
			shellScript = "\"${PODS_ROOT}/Target Support Files/Pods-Navigation3.0/Pods-Navigation3.0-frameworks.sh\"\n";
			showEnvVarsInLog = 0;
		};
/* End PBXShellScriptBuildPhase section */

/* Begin PBXSourcesBuildPhase section */
		8789CE3028B8EB0B00CDB3E0 /* Sources */ = {
			isa = PBXSourcesBuildPhase;
			buildActionMask = 2147483647;
			files = (
				8703CF0B28CE760700F7AD34 /* CollectionView.swift in Sources */,
				8703CF0928CE74FF00F7AD34 /* PhotosTableViewCell.swift in Sources */,
				87EFE3FF290482570037D4A5 /* StructModel.swift in Sources */,
				8790BCFC28F8B99200DEF62F /* PostViewController.swift in Sources */,
				8703CF0228C2327900F7AD34 /* DataBase.swift in Sources */,
				8703CF0728C7CADA00F7AD34 /* PostTableViewCell.swift in Sources */,
				8789CE4C28B95BE800CDB3E0 /* ProfileHeaderView.swift in Sources */,
				8703CEFE28BEA44400F7AD34 /* LogInViewController.swift in Sources */,
				8789CE3828B8EB0B00CDB3E0 /* AppDelegate.swift in Sources */,
				8701329528BC0235004A5816 /* ProfileViewController.swift in Sources */,
				8701329328BC01B2004A5816 /* FeedViewController.swift in Sources */,
				8703CF0D28CE773F00F7AD34 /* PhotosViewController.swift in Sources */,
				8701329B28BD219C004A5816 /* InfoViewController.swift in Sources */,
				8789CE3A28B8EB0B00CDB3E0 /* SceneDelegate.swift in Sources */,
			);
			runOnlyForDeploymentPostprocessing = 0;
		};
		8790BCEC28F8B7C100DEF62F /* Sources */ = {
			isa = PBXSourcesBuildPhase;
			buildActionMask = 2147483647;
			files = (
				8790BCFD28F8C8A000DEF62F /* StructModel.swift in Sources */,
			);
			runOnlyForDeploymentPostprocessing = 0;
		};
/* End PBXSourcesBuildPhase section */

/* Begin PBXTargetDependency section */
		8790BCF528F8B7C200DEF62F /* PBXTargetDependency */ = {
			isa = PBXTargetDependency;
			target = 8790BCEF28F8B7C100DEF62F /* StorageService */;
			targetProxy = 8790BCF428F8B7C200DEF62F /* PBXContainerItemProxy */;
		};
/* End PBXTargetDependency section */

/* Begin PBXVariantGroup section */
		8789CE4228B8EB0C00CDB3E0 /* LaunchScreen.storyboard */ = {
			isa = PBXVariantGroup;
			children = (
				8789CE4328B8EB0C00CDB3E0 /* Base */,
			);
			name = LaunchScreen.storyboard;
			sourceTree = "<group>";
		};
/* End PBXVariantGroup section */

/* Begin XCBuildConfiguration section */
		8789CE4628B8EB0C00CDB3E0 /* Debug */ = {
			isa = XCBuildConfiguration;
			buildSettings = {
				ALWAYS_SEARCH_USER_PATHS = NO;
				CLANG_ANALYZER_NONNULL = YES;
				CLANG_ANALYZER_NUMBER_OBJECT_CONVERSION = YES_AGGRESSIVE;
				CLANG_CXX_LANGUAGE_STANDARD = "gnu++17";
				CLANG_ENABLE_MODULES = YES;
				CLANG_ENABLE_OBJC_ARC = YES;
				CLANG_ENABLE_OBJC_WEAK = YES;
				CLANG_WARN_BLOCK_CAPTURE_AUTORELEASING = YES;
				CLANG_WARN_BOOL_CONVERSION = YES;
				CLANG_WARN_COMMA = YES;
				CLANG_WARN_CONSTANT_CONVERSION = YES;
				CLANG_WARN_DEPRECATED_OBJC_IMPLEMENTATIONS = YES;
				CLANG_WARN_DIRECT_OBJC_ISA_USAGE = YES_ERROR;
				CLANG_WARN_DOCUMENTATION_COMMENTS = YES;
				CLANG_WARN_EMPTY_BODY = YES;
				CLANG_WARN_ENUM_CONVERSION = YES;
				CLANG_WARN_INFINITE_RECURSION = YES;
				CLANG_WARN_INT_CONVERSION = YES;
				CLANG_WARN_NON_LITERAL_NULL_CONVERSION = YES;
				CLANG_WARN_OBJC_IMPLICIT_RETAIN_SELF = YES;
				CLANG_WARN_OBJC_LITERAL_CONVERSION = YES;
				CLANG_WARN_OBJC_ROOT_CLASS = YES_ERROR;
				CLANG_WARN_QUOTED_INCLUDE_IN_FRAMEWORK_HEADER = YES;
				CLANG_WARN_RANGE_LOOP_ANALYSIS = YES;
				CLANG_WARN_STRICT_PROTOTYPES = YES;
				CLANG_WARN_SUSPICIOUS_MOVE = YES;
				CLANG_WARN_UNGUARDED_AVAILABILITY = YES_AGGRESSIVE;
				CLANG_WARN_UNREACHABLE_CODE = YES;
				CLANG_WARN__DUPLICATE_METHOD_MATCH = YES;
				COPY_PHASE_STRIP = NO;
				DEBUG_INFORMATION_FORMAT = dwarf;
				ENABLE_STRICT_OBJC_MSGSEND = YES;
				ENABLE_TESTABILITY = YES;
				GCC_C_LANGUAGE_STANDARD = gnu11;
				GCC_DYNAMIC_NO_PIC = NO;
				GCC_NO_COMMON_BLOCKS = YES;
				GCC_OPTIMIZATION_LEVEL = 0;
				GCC_PREPROCESSOR_DEFINITIONS = (
					"DEBUG=1",
					"$(inherited)",
				);
				GCC_WARN_64_TO_32_BIT_CONVERSION = YES;
				GCC_WARN_ABOUT_RETURN_TYPE = YES_ERROR;
				GCC_WARN_UNDECLARED_SELECTOR = YES;
				GCC_WARN_UNINITIALIZED_AUTOS = YES_AGGRESSIVE;
				GCC_WARN_UNUSED_FUNCTION = YES;
				GCC_WARN_UNUSED_VARIABLE = YES;
				IPHONEOS_DEPLOYMENT_TARGET = 15.5;
				MTL_ENABLE_DEBUG_INFO = INCLUDE_SOURCE;
				MTL_FAST_MATH = YES;
				ONLY_ACTIVE_ARCH = YES;
				SDKROOT = iphoneos;
				SWIFT_ACTIVE_COMPILATION_CONDITIONS = DEBUG;
				SWIFT_OPTIMIZATION_LEVEL = "-Onone";
			};
			name = Debug;
		};
		8789CE4728B8EB0C00CDB3E0 /* Release */ = {
			isa = XCBuildConfiguration;
			buildSettings = {
				ALWAYS_SEARCH_USER_PATHS = NO;
				CLANG_ANALYZER_NONNULL = YES;
				CLANG_ANALYZER_NUMBER_OBJECT_CONVERSION = YES_AGGRESSIVE;
				CLANG_CXX_LANGUAGE_STANDARD = "gnu++17";
				CLANG_ENABLE_MODULES = YES;
				CLANG_ENABLE_OBJC_ARC = YES;
				CLANG_ENABLE_OBJC_WEAK = YES;
				CLANG_WARN_BLOCK_CAPTURE_AUTORELEASING = YES;
				CLANG_WARN_BOOL_CONVERSION = YES;
				CLANG_WARN_COMMA = YES;
				CLANG_WARN_CONSTANT_CONVERSION = YES;
				CLANG_WARN_DEPRECATED_OBJC_IMPLEMENTATIONS = YES;
				CLANG_WARN_DIRECT_OBJC_ISA_USAGE = YES_ERROR;
				CLANG_WARN_DOCUMENTATION_COMMENTS = YES;
				CLANG_WARN_EMPTY_BODY = YES;
				CLANG_WARN_ENUM_CONVERSION = YES;
				CLANG_WARN_INFINITE_RECURSION = YES;
				CLANG_WARN_INT_CONVERSION = YES;
				CLANG_WARN_NON_LITERAL_NULL_CONVERSION = YES;
				CLANG_WARN_OBJC_IMPLICIT_RETAIN_SELF = YES;
				CLANG_WARN_OBJC_LITERAL_CONVERSION = YES;
				CLANG_WARN_OBJC_ROOT_CLASS = YES_ERROR;
				CLANG_WARN_QUOTED_INCLUDE_IN_FRAMEWORK_HEADER = YES;
				CLANG_WARN_RANGE_LOOP_ANALYSIS = YES;
				CLANG_WARN_STRICT_PROTOTYPES = YES;
				CLANG_WARN_SUSPICIOUS_MOVE = YES;
				CLANG_WARN_UNGUARDED_AVAILABILITY = YES_AGGRESSIVE;
				CLANG_WARN_UNREACHABLE_CODE = YES;
				CLANG_WARN__DUPLICATE_METHOD_MATCH = YES;
				COPY_PHASE_STRIP = NO;
				DEBUG_INFORMATION_FORMAT = "dwarf-with-dsym";
				ENABLE_NS_ASSERTIONS = NO;
				ENABLE_STRICT_OBJC_MSGSEND = YES;
				GCC_C_LANGUAGE_STANDARD = gnu11;
				GCC_NO_COMMON_BLOCKS = YES;
				GCC_WARN_64_TO_32_BIT_CONVERSION = YES;
				GCC_WARN_ABOUT_RETURN_TYPE = YES_ERROR;
				GCC_WARN_UNDECLARED_SELECTOR = YES;
				GCC_WARN_UNINITIALIZED_AUTOS = YES_AGGRESSIVE;
				GCC_WARN_UNUSED_FUNCTION = YES;
				GCC_WARN_UNUSED_VARIABLE = YES;
				IPHONEOS_DEPLOYMENT_TARGET = 15.5;
				MTL_ENABLE_DEBUG_INFO = NO;
				MTL_FAST_MATH = YES;
				SDKROOT = iphoneos;
				SWIFT_COMPILATION_MODE = wholemodule;
				SWIFT_OPTIMIZATION_LEVEL = "-O";
				VALIDATE_PRODUCT = YES;
			};
			name = Release;
		};
		8789CE4928B8EB0C00CDB3E0 /* Debug */ = {
			isa = XCBuildConfiguration;
			baseConfigurationReference = B88A6E235B19F87836FB02C1 /* Pods-Navigation3.0.debug.xcconfig */;
			buildSettings = {
				ALWAYS_EMBED_SWIFT_STANDARD_LIBRARIES = YES;
				ASSETCATALOG_COMPILER_APPICON_NAME = AppIcon;
				ASSETCATALOG_COMPILER_GLOBAL_ACCENT_COLOR_NAME = AccentColor;
				CODE_SIGN_STYLE = Automatic;
				CURRENT_PROJECT_VERSION = 1;
				DEVELOPMENT_TEAM = 2VA69ZBS38;
				GENERATE_INFOPLIST_FILE = YES;
				INFOPLIST_FILE = Navigation3.0/Info.plist;
				INFOPLIST_KEY_UIApplicationSupportsIndirectInputEvents = YES;
				INFOPLIST_KEY_UILaunchStoryboardName = LaunchScreen;
				INFOPLIST_KEY_UISupportedInterfaceOrientations_iPad = "UIInterfaceOrientationPortrait UIInterfaceOrientationPortraitUpsideDown UIInterfaceOrientationLandscapeLeft UIInterfaceOrientationLandscapeRight";
				INFOPLIST_KEY_UISupportedInterfaceOrientations_iPhone = "UIInterfaceOrientationPortrait UIInterfaceOrientationLandscapeLeft UIInterfaceOrientationLandscapeRight";
				IPHONEOS_DEPLOYMENT_TARGET = 15.0;
				LD_RUNPATH_SEARCH_PATHS = (
					"$(inherited)",
					"@executable_path/Frameworks",
				);
				MARKETING_VERSION = 1.0;
				PRODUCT_BUNDLE_IDENTIFIER = "harryhole13.Navigation3-0";
				PRODUCT_NAME = "$(TARGET_NAME)";
				SWIFT_EMIT_LOC_STRINGS = YES;
				SWIFT_VERSION = 5.0;
				TARGETED_DEVICE_FAMILY = "1,2";
			};
			name = Debug;
		};
		8789CE4A28B8EB0C00CDB3E0 /* Release */ = {
			isa = XCBuildConfiguration;
			baseConfigurationReference = BEBDCF55EA77CAA281BDC697 /* Pods-Navigation3.0.release.xcconfig */;
			buildSettings = {
				ALWAYS_EMBED_SWIFT_STANDARD_LIBRARIES = YES;
				ASSETCATALOG_COMPILER_APPICON_NAME = AppIcon;
				ASSETCATALOG_COMPILER_GLOBAL_ACCENT_COLOR_NAME = AccentColor;
				CODE_SIGN_STYLE = Automatic;
				CURRENT_PROJECT_VERSION = 1;
				DEVELOPMENT_TEAM = 2VA69ZBS38;
				GENERATE_INFOPLIST_FILE = YES;
				INFOPLIST_FILE = Navigation3.0/Info.plist;
				INFOPLIST_KEY_UIApplicationSupportsIndirectInputEvents = YES;
				INFOPLIST_KEY_UILaunchStoryboardName = LaunchScreen;
				INFOPLIST_KEY_UISupportedInterfaceOrientations_iPad = "UIInterfaceOrientationPortrait UIInterfaceOrientationPortraitUpsideDown UIInterfaceOrientationLandscapeLeft UIInterfaceOrientationLandscapeRight";
				INFOPLIST_KEY_UISupportedInterfaceOrientations_iPhone = "UIInterfaceOrientationPortrait UIInterfaceOrientationLandscapeLeft UIInterfaceOrientationLandscapeRight";
				IPHONEOS_DEPLOYMENT_TARGET = 15.0;
				LD_RUNPATH_SEARCH_PATHS = (
					"$(inherited)",
					"@executable_path/Frameworks",
				);
				MARKETING_VERSION = 1.0;
				PRODUCT_BUNDLE_IDENTIFIER = "harryhole13.Navigation3-0";
				PRODUCT_NAME = "$(TARGET_NAME)";
				SWIFT_EMIT_LOC_STRINGS = YES;
				SWIFT_VERSION = 5.0;
				TARGETED_DEVICE_FAMILY = "1,2";
			};
			name = Release;
		};
		8790BCF928F8B7C200DEF62F /* Debug */ = {
			isa = XCBuildConfiguration;
			buildSettings = {
				CLANG_CXX_LANGUAGE_STANDARD = "gnu++20";
				CODE_SIGN_STYLE = Automatic;
				CURRENT_PROJECT_VERSION = 1;
				DEFINES_MODULE = YES;
				DEVELOPMENT_TEAM = 2VA69ZBS38;
				DYLIB_COMPATIBILITY_VERSION = 1;
				DYLIB_CURRENT_VERSION = 1;
				DYLIB_INSTALL_NAME_BASE = "@rpath";
				GENERATE_INFOPLIST_FILE = YES;
				INFOPLIST_KEY_NSHumanReadableCopyright = "";
				INSTALL_PATH = "$(LOCAL_LIBRARY_DIR)/Frameworks";
				IPHONEOS_DEPLOYMENT_TARGET = 15.0;
				LD_RUNPATH_SEARCH_PATHS = (
					"$(inherited)",
					"@executable_path/Frameworks",
					"@loader_path/Frameworks",
				);
				MARKETING_VERSION = 1.0;
				PRODUCT_BUNDLE_IDENTIFIER = harryhole13.StorageService;
				PRODUCT_NAME = "$(TARGET_NAME:c99extidentifier)";
				SKIP_INSTALL = YES;
				SWIFT_EMIT_LOC_STRINGS = YES;
				SWIFT_VERSION = 5.0;
				TARGETED_DEVICE_FAMILY = "1,2";
				VERSIONING_SYSTEM = "apple-generic";
				VERSION_INFO_PREFIX = "";
			};
			name = Debug;
		};
		8790BCFA28F8B7C200DEF62F /* Release */ = {
			isa = XCBuildConfiguration;
			buildSettings = {
				CLANG_CXX_LANGUAGE_STANDARD = "gnu++20";
				CODE_SIGN_STYLE = Automatic;
				CURRENT_PROJECT_VERSION = 1;
				DEFINES_MODULE = YES;
				DEVELOPMENT_TEAM = 2VA69ZBS38;
				DYLIB_COMPATIBILITY_VERSION = 1;
				DYLIB_CURRENT_VERSION = 1;
				DYLIB_INSTALL_NAME_BASE = "@rpath";
				GENERATE_INFOPLIST_FILE = YES;
				INFOPLIST_KEY_NSHumanReadableCopyright = "";
				INSTALL_PATH = "$(LOCAL_LIBRARY_DIR)/Frameworks";
				IPHONEOS_DEPLOYMENT_TARGET = 15.0;
				LD_RUNPATH_SEARCH_PATHS = (
					"$(inherited)",
					"@executable_path/Frameworks",
					"@loader_path/Frameworks",
				);
				MARKETING_VERSION = 1.0;
				PRODUCT_BUNDLE_IDENTIFIER = harryhole13.StorageService;
				PRODUCT_NAME = "$(TARGET_NAME:c99extidentifier)";
				SKIP_INSTALL = YES;
				SWIFT_EMIT_LOC_STRINGS = YES;
				SWIFT_VERSION = 5.0;
				TARGETED_DEVICE_FAMILY = "1,2";
				VERSIONING_SYSTEM = "apple-generic";
				VERSION_INFO_PREFIX = "";
			};
			name = Release;
		};
/* End XCBuildConfiguration section */

/* Begin XCConfigurationList section */
		8789CE2F28B8EB0B00CDB3E0 /* Build configuration list for PBXProject "Navigation3.0" */ = {
			isa = XCConfigurationList;
			buildConfigurations = (
				8789CE4628B8EB0C00CDB3E0 /* Debug */,
				8789CE4728B8EB0C00CDB3E0 /* Release */,
			);
			defaultConfigurationIsVisible = 0;
			defaultConfigurationName = Release;
		};
		8789CE4828B8EB0C00CDB3E0 /* Build configuration list for PBXNativeTarget "Navigation3.0" */ = {
			isa = XCConfigurationList;
			buildConfigurations = (
				8789CE4928B8EB0C00CDB3E0 /* Debug */,
				8789CE4A28B8EB0C00CDB3E0 /* Release */,
			);
			defaultConfigurationIsVisible = 0;
			defaultConfigurationName = Release;
		};
		8790BCF828F8B7C200DEF62F /* Build configuration list for PBXNativeTarget "StorageService" */ = {
			isa = XCConfigurationList;
			buildConfigurations = (
				8790BCF928F8B7C200DEF62F /* Debug */,
				8790BCFA28F8B7C200DEF62F /* Release */,
			);
			defaultConfigurationIsVisible = 0;
			defaultConfigurationName = Release;
		};
/* End XCConfigurationList section */

/* Begin XCRemoteSwiftPackageReference section */
		87EFE3FC290410C70037D4A5 /* XCRemoteSwiftPackageReference "iOSIntPackage" */ = {
			isa = XCRemoteSwiftPackageReference;
			repositoryURL = "https://github.com/TrueMax/iOSIntPackage";
			requirement = {
				kind = upToNextMajorVersion;
				minimumVersion = 2.0.0;
			};
		};
/* End XCRemoteSwiftPackageReference section */

/* Begin XCSwiftPackageProductDependency section */
		87EFE3FD290410C70037D4A5 /* iOSIntPackage */ = {
			isa = XCSwiftPackageProductDependency;
			package = 87EFE3FC290410C70037D4A5 /* XCRemoteSwiftPackageReference "iOSIntPackage" */;
			productName = iOSIntPackage;
		};
/* End XCSwiftPackageProductDependency section */
	};
	rootObject = 8789CE2C28B8EB0B00CDB3E0 /* Project object */;
}
